
Microsoft Visual Studio Solution File, Format Version 12.00
# Visual Studio Version 16
VisualStudioVersion = 16.0.29613.14
MinimumVisualStudioVersion = 10.0.40219.1
Project("{FAE04EC0-301F-11D3-BF4B-00C04F79EFBC}") = "AOC2022", "AOC2022\AOC2022.csproj", "{9E969793-DCAB-4720-8A51-B15F3CA3B7D8}"
EndProject
Global
	GlobalSection(SolutionConfigurationPlatforms) = preSolution
		Debug|Any CPU = Debug|Any CPU
		Release|Any CPU = Release|Any CPU
	EndGlobalSection
	GlobalSection(ProjectConfigurationPlatforms) = postSolution
		{9E969793-DCAB-4720-8A51-B15F3CA3B7D8}.Debug|Any CPU.ActiveCfg = Debug|Any CPU
		{9E969793-DCAB-4720-8A51-B15F3CA3B7D8}.Debug|Any CPU.Build.0 = Debug|Any CPU
		{9E969793-DCAB-4720-8A51-B15F3CA3B7D8}.Release|Any CPU.ActiveCfg = Release|Any CPU
		{9E969793-DCAB-4720-8A51-B15F3CA3B7D8}.Release|Any CPU.Build.0 = Release|Any CPU
	EndGlobalSection
	GlobalSection(SolutionProperties) = preSolution
		HideSolutionNode = FALSE
	EndGlobalSection
	GlobalSection(ExtensibilityGlobals) = postSolution
		SolutionGuid = {CE035E22-8733-4DB3-81F6-1C58834A6778}
	EndGlobalSection
EndGlobal
